{
  "version": 4,
  "terraform_version": "0.12.5",
  "serial": 8,
  "lineage": "ff432646-d0c5-ca7a-d096-64ca9a2b24b6",
  "outputs": {},
  "resources": [
    {
      "mode": "managed",
      "type": "packet_device",
      "name": "web1",
      "each": "list",
      "provider": "provider.packet",
      "instances": [
        {
          "index_key": 0,
          "schema_version": 0,
          "attributes": {
            "access_private_ipv4": "10.88.69.3",
            "access_public_ipv4": "147.75.69.25",
            "access_public_ipv6": "2604:1380:1000:7800::1",
            "always_pxe": false,
            "billing_cycle": "hourly",
            "created": "2019-08-15T17:42:07Z",
            "deployed_facility": "sjc1",
            "description": null,
            "facilities": [
              "sjc1"
            ],
            "facility": null,
            "hardware_reservation_id": "5fd5ff3a-a12f-45ee-b780-f6d3d7109f44",
            "hostname": "test1.tftestcpr1",
            "id": "58da92fa-0cb7-4ad7-986d-00e0a0e1bde0",
            "ip_address_types": null,
            "ipxe_script_url": "",
            "locked": false,
            "network": [
              {
                "address": "147.75.69.25",
                "cidr": 31,
                "family": 4,
                "gateway": "147.75.69.24",
                "public": true
              },
              {
                "address": "2604:1380:1000:7800::1",
                "cidr": 127,
                "family": 6,
                "gateway": "2604:1380:1000:7800::",
                "public": true
              },
              {
                "address": "10.88.69.3",
                "cidr": 31,
                "family": 4,
                "gateway": "10.88.69.2",
                "public": false
              }
            ],
            "network_type": "layer3",
            "operating_system": "ubuntu_18_04",
            "plan": "t1.small.x86",
            "ports": [
              {
                "bonded": true,
                "id": "8efd3204-2714-447b-aa35-2ae0b96a9450",
                "mac": "",
                "name": "bond0",
                "type": "NetworkBondPort"
              },
              {
                "bonded": true,
                "id": "e6a31ff1-d333-4c03-8b88-adf99341a555",
                "mac": "0c:c4:7a:54:09:fc",
                "name": "eth0",
                "type": "NetworkPort"
              },
              {
                "bonded": true,
                "id": "9efcc567-429e-4497-8842-adaecb81011f",
                "mac": "0c:c4:7a:54:09:fd",
                "name": "eth1",
                "type": "NetworkPort"
              }
            ],
            "project_id": "e3123b01-0047-48ef-989e-c34a7bb6b9c3",
            "project_ssh_key_ids": null,
            "public_ipv4_subnet_size": 31,
            "root_password": "3Bs-kwV#3:",
            "ssh_key_ids": [
              "769876a3-6f69-4ef4-8c3a-0e8aeab105d4",
              "6d76d006-8677-4db3-b195-ee6d0cda0ab4",
              "3bb107ec-915c-4a06-8fc3-f528e8e61696",
              "f4f9769f-6a1a-4221-a332-4a87cbe632a8",
              "86d721a8-d554-4962-9bcd-f83407da2d22",
              "f56c6aea-2e18-40a3-b128-e4d9de8814b1",
              "8bdf08fe-bee1-4918-beb6-c7d333153a44",
              "f46fd31f-f1d6-4a15-9e6a-f0ae469d8abc",
              "7be00494-83c2-4169-85c8-56197b719c32",
              "24f8c912-62a8-4b60-8f91-c85ab1396575",
              "ea9e60d6-52b3-454d-8144-3940a66e6a29",
              "2042e5f4-a895-4935-b6ca-cc722aa06677",
              "9ba92f88-02f9-4841-a5f8-f6c465b9b464",
              "564f0766-7ff9-41c3-9c90-f67ef052b9c9",
              "16a243ad-c172-4964-86f8-156ff2a0decc",
              "9075f712-2dba-435a-b503-615c3df9fe01",
              "1fdc4187-fb4c-44f5-a41e-f031e07c72ae",
              "6f81b155-6a86-42a7-8901-3431b4eca565",
              "2f83a0a6-2c37-4591-9778-5636996f30ee",
              "0e3c9e47-b6b2-425a-8085-c663ecaa4fff",
              "625be16a-c498-457c-ad7c-5a7681f38dbe",
              "1491f6f3-93c2-45ff-824b-99ee1a319390",
              "5fa5d8ac-adbb-4ddb-aaca-eb0d80213059",
              "fb68b7b5-aecc-4373-bbf7-679767e428c1",
              "dc380c5f-febe-4f7b-ac95-c515ee38b818",
              "dd63258c-12eb-45b0-951d-8c98db0cb2b1",
              "a195ae2b-a347-4e82-bf16-0b051b629896",
              "2f8adce5-096e-4f36-b4a4-7ab44d3df158",
              "d41ac522-d7b3-418d-92d5-38d2f5384382",
              "57ab4dd3-d2df-4bb9-8cde-e5007daaa783",
              "a756e6c7-7787-4524-aaa6-aacfc4393b93",
              "228dd4a2-70d7-42d2-8bb1-e5ba3b2631ff",
              "7ff26093-142d-4b61-b733-9a55aa4e5fbf",
              "662d6591-9cda-43e0-95d5-fad3a68c6560",
              "72af7ba0-bbb7-4576-b1bc-2485cde75591"
            ],
            "state": "active",
            "storage": "{\"disks\":[{\"device\":\"/dev/sda\",\"partitions\":[{\"label\":\"BIOS\",\"number\":1,\"size\":4096},{\"label\":\"SWAP\",\"number\":2,\"size\":\"3993600\"},{\"label\":\"ROOT\",\"number\":3,\"size\":0}],\"wipeTable\":true}],\"filesystems\":[{\"mount\":{\"create\":{\"options\":[\"-L\",\"ROOT\"]},\"device\":\"/dev/sda3\",\"format\":\"ext4\",\"point\":\"/\"}},{\"mount\":{\"create\":{\"options\":[\"-L\",\"SWAP\"]},\"device\":\"/dev/sda2\",\"format\":\"swap\",\"point\":\"none\"}}]}",
            "tags": null,
            "updated": "2019-08-15T17:53:05Z",
            "user_data": null,
            "wait_for_reservation_deprovision": false
          },
          "private": "bnVsbA=="
        },
        {
          "index_key": 1,
          "schema_version": 0,
          "attributes": {
            "access_private_ipv4": "10.88.69.1",
            "access_public_ipv4": "147.75.69.167",
            "access_public_ipv6": "2604:1380:1000:7800::3",
            "always_pxe": false,
            "billing_cycle": "hourly",
            "created": "2019-08-15T17:42:07Z",
            "deployed_facility": "sjc1",
            "description": null,
            "facilities": [
              "sjc1"
            ],
            "facility": null,
            "hardware_reservation_id": "e9192486-0446-4f65-9453-3fe068cefec4",
            "hostname": "test2.tftestcpr1",
            "id": "4d8751be-2381-4b3e-81e9-5519af2cbb9c",
            "ip_address_types": null,
            "ipxe_script_url": "",
            "locked": false,
            "network": [
              {
                "address": "147.75.69.167",
                "cidr": 31,
                "family": 4,
                "gateway": "147.75.69.166",
                "public": true
              },
              {
                "address": "2604:1380:1000:7800::3",
                "cidr": 127,
                "family": 6,
                "gateway": "2604:1380:1000:7800::2",
                "public": true
              },
              {
                "address": "10.88.69.1",
                "cidr": 31,
                "family": 4,
                "gateway": "10.88.69.0",
                "public": false
              }
            ],
            "network_type": "layer3",
            "operating_system": "ubuntu_18_04",
            "plan": "t1.small.x86",
            "ports": [
              {
                "bonded": true,
                "id": "8c94419d-d800-47c6-a9b4-5153d48624e2",
                "mac": "",
                "name": "bond0",
                "type": "NetworkBondPort"
              },
              {
                "bonded": true,
                "id": "2e610b04-0b53-452b-bf3d-3e6bd0473de4",
                "mac": "0c:c4:7a:16:eb:48",
                "name": "eth0",
                "type": "NetworkPort"
              },
              {
                "bonded": true,
                "id": "2d36955c-f615-4ca3-ba80-d58752a5e567",
                "mac": "0c:c4:7a:16:eb:49",
                "name": "eth1",
                "type": "NetworkPort"
              }
            ],
            "project_id": "e3123b01-0047-48ef-989e-c34a7bb6b9c3",
            "project_ssh_key_ids": null,
            "public_ipv4_subnet_size": 31,
            "root_password": "Z$0;2s5Kfe",
            "ssh_key_ids": [
              "769876a3-6f69-4ef4-8c3a-0e8aeab105d4",
              "6d76d006-8677-4db3-b195-ee6d0cda0ab4",
              "3bb107ec-915c-4a06-8fc3-f528e8e61696",
              "f4f9769f-6a1a-4221-a332-4a87cbe632a8",
              "86d721a8-d554-4962-9bcd-f83407da2d22",
              "f56c6aea-2e18-40a3-b128-e4d9de8814b1",
              "8bdf08fe-bee1-4918-beb6-c7d333153a44",
              "f46fd31f-f1d6-4a15-9e6a-f0ae469d8abc",
              "7be00494-83c2-4169-85c8-56197b719c32",
              "24f8c912-62a8-4b60-8f91-c85ab1396575",
              "ea9e60d6-52b3-454d-8144-3940a66e6a29",
              "2042e5f4-a895-4935-b6ca-cc722aa06677",
              "9ba92f88-02f9-4841-a5f8-f6c465b9b464",
              "564f0766-7ff9-41c3-9c90-f67ef052b9c9",
              "16a243ad-c172-4964-86f8-156ff2a0decc",
              "9075f712-2dba-435a-b503-615c3df9fe01",
              "1fdc4187-fb4c-44f5-a41e-f031e07c72ae",
              "6f81b155-6a86-42a7-8901-3431b4eca565",
              "2f83a0a6-2c37-4591-9778-5636996f30ee",
              "0e3c9e47-b6b2-425a-8085-c663ecaa4fff",
              "625be16a-c498-457c-ad7c-5a7681f38dbe",
              "1491f6f3-93c2-45ff-824b-99ee1a319390",
              "5fa5d8ac-adbb-4ddb-aaca-eb0d80213059",
              "fb68b7b5-aecc-4373-bbf7-679767e428c1",
              "dc380c5f-febe-4f7b-ac95-c515ee38b818",
              "dd63258c-12eb-45b0-951d-8c98db0cb2b1",
              "a195ae2b-a347-4e82-bf16-0b051b629896",
              "2f8adce5-096e-4f36-b4a4-7ab44d3df158",
              "d41ac522-d7b3-418d-92d5-38d2f5384382",
              "57ab4dd3-d2df-4bb9-8cde-e5007daaa783",
              "a756e6c7-7787-4524-aaa6-aacfc4393b93",
              "228dd4a2-70d7-42d2-8bb1-e5ba3b2631ff",
              "7ff26093-142d-4b61-b733-9a55aa4e5fbf",
              "662d6591-9cda-43e0-95d5-fad3a68c6560",
              "72af7ba0-bbb7-4576-b1bc-2485cde75591"
            ],
            "state": "active",
            "storage": "{\"disks\":[{\"device\":\"/dev/sda\",\"partitions\":[{\"label\":\"BIOS\",\"number\":1,\"size\":4096},{\"label\":\"SWAP\",\"number\":2,\"size\":\"3993600\"},{\"label\":\"ROOT\",\"number\":3,\"size\":0}],\"wipeTable\":true}],\"filesystems\":[{\"mount\":{\"create\":{\"options\":[\"-L\",\"ROOT\"]},\"device\":\"/dev/sda3\",\"format\":\"ext4\",\"point\":\"/\"}},{\"mount\":{\"create\":{\"options\":[\"-L\",\"SWAP\"]},\"device\":\"/dev/sda2\",\"format\":\"swap\",\"point\":\"none\"}}]}",
            "tags": null,
            "updated": "2019-08-15T17:48:00Z",
            "user_data": null,
            "wait_for_reservation_deprovision": false
          },
          "private": "bnVsbA=="
        }
      ]
    }
  ]
}
